{
  "version": 4,
  "terraform_version": "1.1.4",
  "serial": 14,
  "lineage": "3d6a4107-227e-5f49-1a0a-ccb71f6eff07",
  "outputs": {
    "all_brokers": {
      "value": [
        "b-1.miax-test.lt9cov.c16.kafka.us-east-1.amazonaws.com",
        "b-2.miax-test.lt9cov.c16.kafka.us-east-1.amazonaws.com",
        "b-3.miax-test.lt9cov.c16.kafka.us-east-1.amazonaws.com"
      ],
      "type": [
        "list",
        "string"
      ]
    },
    "bootstrap_brokers": {
      "value": "",
      "type": "string"
    },
    "bootstrap_brokers_iam": {
      "value": "",
      "type": "string"
    },
    "bootstrap_brokers_scram": {
      "value": "",
      "type": "string"
    },
    "bootstrap_brokers_tls": {
      "value": "b-1.miax-test.lt9cov.c16.kafka.us-east-1.amazonaws.com:9094,b-2.miax-test.lt9cov.c16.kafka.us-east-1.amazonaws.com:9094,b-3.miax-test.lt9cov.c16.kafka.us-east-1.amazonaws.com:9094",
      "type": "string"
    },
    "cluster_arn": {
      "value": "arn:aws:kafka:us-east-1:443340960488:cluster/miax-test/79243b45-ca22-405c-a4c4-a3c32a3d537a-16",
      "type": "string"
    },
    "cluster_name": {
      "value": "miax-test",
      "type": "string"
    },
    "config_arn": {
      "value": "arn:aws:kafka:us-east-1:443340960488:configuration/miax-test/a75e51c9-2853-4275-9098-7c0ad66d4f36-16",
      "type": "string"
    },
    "current_version": {
      "value": "K2EUQ1WTGCTBG2",
      "type": "string"
    },
    "hostname": {
      "value": "",
      "type": "string"
    },
    "latest_revision": {
      "value": "1",
      "type": "string"
    },
    "security_group_id": {
      "value": "sg-04a6d76f99b6528eb",
      "type": "string"
    },
    "security_group_name": {
      "value": "terraform-20220228185721254300000001",
      "type": "string"
    },
    "zookeeper_connect_string": {
      "value": "z-1.miax-test.lt9cov.c16.kafka.us-east-1.amazonaws.com:2181,z-2.miax-test.lt9cov.c16.kafka.us-east-1.amazonaws.com:2181,z-3.miax-test.lt9cov.c16.kafka.us-east-1.amazonaws.com:2181",
      "type": "string"
    }
  },
  "resources": [
    {
      "mode": "data",
      "type": "aws_msk_broker_nodes",
      "name": "default",
      "provider": "provider[\"registry.terraform.io/hashicorp/aws\"]",
      "instances": [
        {
          "index_key": 0,
          "schema_version": 0,
          "attributes": {
            "cluster_arn": "arn:aws:kafka:us-east-1:443340960488:cluster/miax-test/79243b45-ca22-405c-a4c4-a3c32a3d537a-16",
            "id": "arn:aws:kafka:us-east-1:443340960488:cluster/miax-test/79243b45-ca22-405c-a4c4-a3c32a3d537a-16",
            "node_info_list": [
              {
                "attached_eni_id": "eni-0b3a933593f42a9a2",
                "broker_id": 1,
                "client_subnet": "subnet-0f4b6bd81c250de72",
                "client_vpc_ip_address": "10.0.2.171",
                "endpoints": [
                  "b-1.miax-test.lt9cov.c16.kafka.us-east-1.amazonaws.com"
                ],
                "node_arn": "arn:aws:kafka:us-east-1:443340960488:broker/miax-test/79243b45-ca22-405c-a4c4-a3c32a3d537a-16/8698739b-70f5-472e-942f-756009b58263"
              },
              {
                "attached_eni_id": "eni-0fac23e640cf56fbe",
                "broker_id": 2,
                "client_subnet": "subnet-0002bbc59a5ee5e2d",
                "client_vpc_ip_address": "10.0.3.54",
                "endpoints": [
                  "b-2.miax-test.lt9cov.c16.kafka.us-east-1.amazonaws.com"
                ],
                "node_arn": "arn:aws:kafka:us-east-1:443340960488:broker/miax-test/79243b45-ca22-405c-a4c4-a3c32a3d537a-16/7a4f3c19-e43e-4ef7-89e9-f14047b81f45"
              },
              {
                "attached_eni_id": "eni-0911eab7f043ce6db",
                "broker_id": 3,
                "client_subnet": "subnet-00a6b89e056b245a3",
                "client_vpc_ip_address": "10.0.1.122",
                "endpoints": [
                  "b-3.miax-test.lt9cov.c16.kafka.us-east-1.amazonaws.com"
                ],
                "node_arn": "arn:aws:kafka:us-east-1:443340960488:broker/miax-test/79243b45-ca22-405c-a4c4-a3c32a3d537a-16/00fdc070-fd9f-428b-9bc9-b0f963a46328"
              }
            ]
          },
          "sensitive_attributes": []
        }
      ]
    },
    {
      "mode": "managed",
      "type": "aws_appautoscaling_policy",
      "name": "default",
      "provider": "provider[\"registry.terraform.io/hashicorp/aws\"]",
      "instances": [
        {
          "index_key": 0,
          "schema_version": 0,
          "attributes": {
            "arn": "arn:aws:autoscaling:us-east-1:443340960488:scalingPolicy:5de682e0-87c8-4a76-a66a-5d82fe93e731:resource/kafka/arn:aws:kafka:us-east-1:443340960488:cluster/miax-test/79243b45-ca22-405c-a4c4-a3c32a3d537a-16:policyName/miax-test-broker-scaling",
            "id": "miax-test-broker-scaling",
            "name": "miax-test-broker-scaling",
            "policy_type": "TargetTrackingScaling",
            "resource_id": "arn:aws:kafka:us-east-1:443340960488:cluster/miax-test/79243b45-ca22-405c-a4c4-a3c32a3d537a-16",
            "scalable_dimension": "kafka:broker-storage:VolumeSize",
            "service_namespace": "kafka",
            "step_scaling_policy_configuration": [],
            "target_tracking_scaling_policy_configuration": [
              {
                "customized_metric_specification": [],
                "disable_scale_in": false,
                "predefined_metric_specification": [
                  {
                    "predefined_metric_type": "KafkaBrokerStorageUtilization",
                    "resource_label": ""
                  }
                ],
                "scale_in_cooldown": 0,
                "scale_out_cooldown": 0,
                "target_value": 60
              }
            ]
          },
          "sensitive_attributes": [],
          "private": "bnVsbA==",
          "dependencies": [
            "aws_appautoscaling_target.default",
            "aws_msk_cluster.default",
            "aws_msk_configuration.config",
            "module.broker_security_group.aws_security_group.cbd",
            "module.broker_security_group.aws_security_group.default"
          ]
        }
      ]
    },
    {
      "mode": "managed",
      "type": "aws_appautoscaling_target",
      "name": "default",
      "provider": "provider[\"registry.terraform.io/hashicorp/aws\"]",
      "instances": [
        {
          "index_key": 0,
          "schema_version": 0,
          "attributes": {
            "id": "arn:aws:kafka:us-east-1:443340960488:cluster/miax-test/79243b45-ca22-405c-a4c4-a3c32a3d537a-16",
            "max_capacity": 1000,
            "min_capacity": 1,
            "resource_id": "arn:aws:kafka:us-east-1:443340960488:cluster/miax-test/79243b45-ca22-405c-a4c4-a3c32a3d537a-16",
            "role_arn": "arn:aws:iam::443340960488:role/aws-service-role/kafka.application-autoscaling.amazonaws.com/AWSServiceRoleForApplicationAutoScaling_KafkaCluster",
            "scalable_dimension": "kafka:broker-storage:VolumeSize",
            "service_namespace": "kafka"
          },
          "sensitive_attributes": [],
          "private": "bnVsbA==",
          "dependencies": [
            "aws_msk_cluster.default",
            "aws_msk_configuration.config",
            "module.broker_security_group.aws_security_group.cbd",
            "module.broker_security_group.aws_security_group.default"
          ]
        }
      ]
    },
    {
      "mode": "managed",
      "type": "aws_msk_cluster",
      "name": "default",
      "provider": "provider[\"registry.terraform.io/hashicorp/aws\"]",
      "instances": [
        {
          "index_key": 0,
          "schema_version": 0,
          "attributes": {
            "arn": "arn:aws:kafka:us-east-1:443340960488:cluster/miax-test/79243b45-ca22-405c-a4c4-a3c32a3d537a-16",
            "bootstrap_brokers": "",
            "bootstrap_brokers_sasl_iam": "",
            "bootstrap_brokers_sasl_scram": "",
            "bootstrap_brokers_tls": "b-1.miax-test.lt9cov.c16.kafka.us-east-1.amazonaws.com:9094,b-2.miax-test.lt9cov.c16.kafka.us-east-1.amazonaws.com:9094,b-3.miax-test.lt9cov.c16.kafka.us-east-1.amazonaws.com:9094",
            "broker_node_group_info": [
              {
                "az_distribution": "DEFAULT",
                "client_subnets": [
                  "subnet-0002bbc59a5ee5e2d",
                  "subnet-00a6b89e056b245a3",
                  "subnet-0f4b6bd81c250de72"
                ],
                "ebs_volume_size": 1000,
                "instance_type": "kafka.t3.small",
                "security_groups": [
                  "sg-04a6d76f99b6528eb"
                ]
              }
            ],
            "client_authentication": [],
            "cluster_name": "miax-test",
            "configuration_info": [
              {
                "arn": "arn:aws:kafka:us-east-1:443340960488:configuration/miax-test/a75e51c9-2853-4275-9098-7c0ad66d4f36-16",
                "revision": 1
              }
            ],
            "current_version": "K2EUQ1WTGCTBG2",
            "encryption_info": [
              {
                "encryption_at_rest_kms_key_arn": "arn:aws:kms:us-east-1:443340960488:key/1d17d93f-8792-480f-bcab-7fbe027efce4",
                "encryption_in_transit": [
                  {
                    "client_broker": "TLS",
                    "in_cluster": true
                  }
                ]
              }
            ],
            "enhanced_monitoring": "DEFAULT",
            "id": "arn:aws:kafka:us-east-1:443340960488:cluster/miax-test/79243b45-ca22-405c-a4c4-a3c32a3d537a-16",
            "kafka_version": "2.6.2",
            "logging_info": [
              {
                "broker_logs": [
                  {
                    "cloudwatch_logs": [
                      {
                        "enabled": false,
                        "log_group": ""
                      }
                    ],
                    "firehose": [
                      {
                        "delivery_stream": "",
                        "enabled": false
                      }
                    ],
                    "s3": [
                      {
                        "bucket": "",
                        "enabled": false,
                        "prefix": ""
                      }
                    ]
                  }
                ]
              }
            ],
            "number_of_broker_nodes": 3,
            "open_monitoring": [
              {
                "prometheus": [
                  {
                    "jmx_exporter": [
                      {
                        "enabled_in_broker": false
                      }
                    ],
                    "node_exporter": [
                      {
                        "enabled_in_broker": false
                      }
                    ]
                  }
                ]
              }
            ],
            "tags": null,
            "tags_all": {},
            "timeouts": null,
            "zookeeper_connect_string": "z-1.miax-test.lt9cov.c16.kafka.us-east-1.amazonaws.com:2181,z-2.miax-test.lt9cov.c16.kafka.us-east-1.amazonaws.com:2181,z-3.miax-test.lt9cov.c16.kafka.us-east-1.amazonaws.com:2181",
            "zookeeper_connect_string_tls": "z-1.miax-test.lt9cov.c16.kafka.us-east-1.amazonaws.com:2182,z-2.miax-test.lt9cov.c16.kafka.us-east-1.amazonaws.com:2182,z-3.miax-test.lt9cov.c16.kafka.us-east-1.amazonaws.com:2182"
          },
          "sensitive_attributes": [],
          "private": "eyJlMmJmYjczMC1lY2FhLTExZTYtOGY4OC0zNDM2M2JjN2M0YzAiOnsiY3JlYXRlIjo3MjAwMDAwMDAwMDAwLCJkZWxldGUiOjcyMDAwMDAwMDAwMDAsInVwZGF0ZSI6NzIwMDAwMDAwMDAwMH19",
          "dependencies": [
            "aws_msk_configuration.config",
            "module.broker_security_group.aws_security_group.cbd",
            "module.broker_security_group.aws_security_group.default"
          ]
        }
      ]
    },
    {
      "mode": "managed",
      "type": "aws_msk_configuration",
      "name": "config",
      "provider": "provider[\"registry.terraform.io/hashicorp/aws\"]",
      "instances": [
        {
          "index_key": 0,
          "schema_version": 0,
          "attributes": {
            "arn": "arn:aws:kafka:us-east-1:443340960488:configuration/miax-test/a75e51c9-2853-4275-9098-7c0ad66d4f36-16",
            "description": "Manages an Amazon Managed Streaming for Kafka configuration",
            "id": "arn:aws:kafka:us-east-1:443340960488:configuration/miax-test/a75e51c9-2853-4275-9098-7c0ad66d4f36-16",
            "kafka_versions": [
              "2.6.2"
            ],
            "latest_revision": 1,
            "name": "miax-test",
            "server_properties": ""
          },
          "sensitive_attributes": [],
          "private": "bnVsbA=="
        }
      ]
    },
    {
      "module": "module.broker_security_group",
      "mode": "managed",
      "type": "aws_security_group",
      "name": "default",
      "provider": "provider[\"registry.terraform.io/hashicorp/aws\"]",
      "instances": [
        {
          "index_key": 0,
          "schema_version": 1,
          "attributes": {
            "arn": "arn:aws:ec2:us-east-1:443340960488:security-group/sg-04a6d76f99b6528eb",
            "description": "MSK broker access",
            "egress": [
              {
                "cidr_blocks": [
                  "0.0.0.0/0"
                ],
                "description": "Allow all egress",
                "from_port": 0,
                "ipv6_cidr_blocks": [
                  "::/0"
                ],
                "prefix_list_ids": [],
                "protocol": "-1",
                "security_groups": [],
                "self": false,
                "to_port": 0
              }
            ],
            "id": "sg-04a6d76f99b6528eb",
            "ingress": [],
            "name": "terraform-20220228185721254300000001",
            "name_prefix": "terraform-",
            "owner_id": "443340960488",
            "revoke_rules_on_delete": false,
            "tags": {},
            "tags_all": {},
            "timeouts": {
              "create": "10m",
              "delete": "15m"
            },
            "vpc_id": "vpc-06576108ad947c04a"
          },
          "sensitive_attributes": [],
          "private": "eyJlMmJmYjczMC1lY2FhLTExZTYtOGY4OC0zNDM2M2JjN2M0YzAiOnsiY3JlYXRlIjo2MDAwMDAwMDAwMDAsImRlbGV0ZSI6OTAwMDAwMDAwMDAwfSwic2NoZW1hX3ZlcnNpb24iOiIxIn0=",
          "create_before_destroy": true
        }
      ]
    },
    {
      "module": "module.broker_security_group",
      "mode": "managed",
      "type": "aws_security_group_rule",
      "name": "keyed",
      "provider": "provider[\"registry.terraform.io/hashicorp/aws\"]",
      "instances": [
        {
          "index_key": "_allow_all_egress_",
          "schema_version": 2,
          "attributes": {
            "cidr_blocks": [
              "0.0.0.0/0"
            ],
            "description": "Allow all egress",
            "from_port": 0,
            "id": "sgrule-4117842712",
            "ipv6_cidr_blocks": [
              "::/0"
            ],
            "prefix_list_ids": [],
            "protocol": "-1",
            "security_group_id": "sg-04a6d76f99b6528eb",
            "self": false,
            "source_security_group_id": null,
            "to_port": 0,
            "type": "egress"
          },
          "sensitive_attributes": [],
          "private": "eyJzY2hlbWFfdmVyc2lvbiI6IjIifQ==",
          "dependencies": [
            "module.broker_security_group.aws_security_group.cbd",
            "module.broker_security_group.aws_security_group.default"
          ],
          "create_before_destroy": true
        }
      ]
    }
  ]
}
